
Microsoft Visual Studio Solution File, Format Version 12.00
# Visual Studio Version 16
VisualStudioVersion = 16.0.31112.23
MinimumVisualStudioVersion = 10.0.40219.1
Project("{9A19103F-16F7-4668-BE54-9A1E7A4F7556}") = "PoolSensorAPI", "PoolSensorAPI\PoolSensorAPI.csproj", "{88CC2634-B95B-482E-A7C1-FF60D0940B36}"
EndProject
Project("{888888A0-9F3D-457C-B088-3A5042F75D52}") = "PoolDevice", "PoolDevice\PoolDevice.pyproj", "{D8F8DDE3-380F-431D-8F47-4B8FF34DCBAD}"
EndProject
Project("{9A19103F-16F7-4668-BE54-9A1E7A4F7556}") = "PoolDataIngestion", "PoolDataIngestion\PoolDataIngestion.csproj", "{F6717248-E1FB-46F1-A9E2-213B61F31F70}"
EndProject
Project("{2150E333-8FDC-42A3-9474-1A3956D46DE8}") = "Shared", "Shared", "{8689EC5A-0874-40F4-A4DE-00F0F11CFA75}"
EndProject
Project("{2150E333-8FDC-42A3-9474-1A3956D46DE8}") = "Tests", "Tests", "{EA9B5DE5-2483-4D5D-BEA7-2C0D67E726C7}"
EndProject
Project("{9A19103F-16F7-4668-BE54-9A1E7A4F7556}") = "DataLayer", "Shared\DataLayer\DataLayer.csproj", "{932A79DB-3631-4E1E-B479-F7EC564B4957}"
EndProject
Project("{9A19103F-16F7-4668-BE54-9A1E7A4F7556}") = "Models", "Shared\Models\Models.csproj", "{A2D17B71-C637-48EF-A400-3A0624D8F441}"
EndProject
Project("{9A19103F-16F7-4668-BE54-9A1E7A4F7556}") = "DataLayerTests", "Tests\DataLayerTests\DataLayerTests.csproj", "{9A835B80-0039-4786-850C-E381E44D3FE4}"
EndProject
Global
	GlobalSection(SolutionConfigurationPlatforms) = preSolution
		Debug|Any CPU = Debug|Any CPU
		Release|Any CPU = Release|Any CPU
	EndGlobalSection
	GlobalSection(ProjectConfigurationPlatforms) = postSolution
		{88CC2634-B95B-482E-A7C1-FF60D0940B36}.Debug|Any CPU.ActiveCfg = Debug|Any CPU
		{88CC2634-B95B-482E-A7C1-FF60D0940B36}.Debug|Any CPU.Build.0 = Debug|Any CPU
		{88CC2634-B95B-482E-A7C1-FF60D0940B36}.Release|Any CPU.ActiveCfg = Release|Any CPU
		{88CC2634-B95B-482E-A7C1-FF60D0940B36}.Release|Any CPU.Build.0 = Release|Any CPU
		{D8F8DDE3-380F-431D-8F47-4B8FF34DCBAD}.Debug|Any CPU.ActiveCfg = Debug|Any CPU
		{D8F8DDE3-380F-431D-8F47-4B8FF34DCBAD}.Release|Any CPU.ActiveCfg = Release|Any CPU
		{F6717248-E1FB-46F1-A9E2-213B61F31F70}.Debug|Any CPU.ActiveCfg = Debug|Any CPU
		{F6717248-E1FB-46F1-A9E2-213B61F31F70}.Debug|Any CPU.Build.0 = Debug|Any CPU
		{F6717248-E1FB-46F1-A9E2-213B61F31F70}.Release|Any CPU.ActiveCfg = Release|Any CPU
		{F6717248-E1FB-46F1-A9E2-213B61F31F70}.Release|Any CPU.Build.0 = Release|Any CPU
		{932A79DB-3631-4E1E-B479-F7EC564B4957}.Debug|Any CPU.ActiveCfg = Debug|Any CPU
		{932A79DB-3631-4E1E-B479-F7EC564B4957}.Debug|Any CPU.Build.0 = Debug|Any CPU
		{932A79DB-3631-4E1E-B479-F7EC564B4957}.Release|Any CPU.ActiveCfg = Release|Any CPU
		{932A79DB-3631-4E1E-B479-F7EC564B4957}.Release|Any CPU.Build.0 = Release|Any CPU
		{A2D17B71-C637-48EF-A400-3A0624D8F441}.Debug|Any CPU.ActiveCfg = Debug|Any CPU
		{A2D17B71-C637-48EF-A400-3A0624D8F441}.Debug|Any CPU.Build.0 = Debug|Any CPU
		{A2D17B71-C637-48EF-A400-3A0624D8F441}.Release|Any CPU.ActiveCfg = Release|Any CPU
		{A2D17B71-C637-48EF-A400-3A0624D8F441}.Release|Any CPU.Build.0 = Release|Any CPU
		{9A835B80-0039-4786-850C-E381E44D3FE4}.Debug|Any CPU.ActiveCfg = Debug|Any CPU
		{9A835B80-0039-4786-850C-E381E44D3FE4}.Debug|Any CPU.Build.0 = Debug|Any CPU
		{9A835B80-0039-4786-850C-E381E44D3FE4}.Release|Any CPU.ActiveCfg = Release|Any CPU
		{9A835B80-0039-4786-850C-E381E44D3FE4}.Release|Any CPU.Build.0 = Release|Any CPU
	EndGlobalSection
	GlobalSection(SolutionProperties) = preSolution
		HideSolutionNode = FALSE
	EndGlobalSection
	GlobalSection(NestedProjects) = preSolution
		{932A79DB-3631-4E1E-B479-F7EC564B4957} = {8689EC5A-0874-40F4-A4DE-00F0F11CFA75}
		{A2D17B71-C637-48EF-A400-3A0624D8F441} = {8689EC5A-0874-40F4-A4DE-00F0F11CFA75}
		{9A835B80-0039-4786-850C-E381E44D3FE4} = {EA9B5DE5-2483-4D5D-BEA7-2C0D67E726C7}
	EndGlobalSection
	GlobalSection(ExtensibilityGlobals) = postSolution
		SolutionGuid = {B7AEB8CD-0B3A-4C41-97A6-401E1E04D2FA}
	EndGlobalSection
EndGlobal
